
Microsoft Visual Studio Solution File, Format Version 12.00
# Visual Studio 14
VisualStudioVersion = 14.0.24720.0
MinimumVisualStudioVersion = 10.0.40219.1
Project("{FAE04EC0-301F-11D3-BF4B-00C04F79EFBC}") = "Forelasningar", "Forelasningar\Forelasningar.csproj", "{66E06FEE-F31E-4DC6-A03E-843B609A41BC}"
EndProject
Project("{FAE04EC0-301F-11D3-BF4B-00C04F79EFBC}") = "Lab1", "Samuel\Lab1.csproj", "{8BE15687-D617-4CBE-AD39-D8F90CA0E4D7}"
EndProject
Project("{FAE04EC0-301F-11D3-BF4B-00C04F79EFBC}") = "lab2", "lab2\lab2.csproj", "{A6EAD3C5-C811-4455-8C0B-82E6C891E5AD}"
EndProject
Project("{FAE04EC0-301F-11D3-BF4B-00C04F79EFBC}") = "netonnet", "netonnet\netonnet.csproj", "{B0043A01-F2F2-4C98-AB18-36129BA8F03F}"
EndProject
Global
	GlobalSection(SolutionConfigurationPlatforms) = preSolution
		Debug|Any CPU = Debug|Any CPU
		Release|Any CPU = Release|Any CPU
	EndGlobalSection
	GlobalSection(ProjectConfigurationPlatforms) = postSolution
		{66E06FEE-F31E-4DC6-A03E-843B609A41BC}.Debug|Any CPU.ActiveCfg = Debug|Any CPU
		{66E06FEE-F31E-4DC6-A03E-843B609A41BC}.Debug|Any CPU.Build.0 = Debug|Any CPU
		{66E06FEE-F31E-4DC6-A03E-843B609A41BC}.Release|Any CPU.ActiveCfg = Release|Any CPU
		{66E06FEE-F31E-4DC6-A03E-843B609A41BC}.Release|Any CPU.Build.0 = Release|Any CPU
		{8BE15687-D617-4CBE-AD39-D8F90CA0E4D7}.Debug|Any CPU.ActiveCfg = Debug|Any CPU
		{8BE15687-D617-4CBE-AD39-D8F90CA0E4D7}.Debug|Any CPU.Build.0 = Debug|Any CPU
		{8BE15687-D617-4CBE-AD39-D8F90CA0E4D7}.Release|Any CPU.ActiveCfg = Release|Any CPU
		{8BE15687-D617-4CBE-AD39-D8F90CA0E4D7}.Release|Any CPU.Build.0 = Release|Any CPU
		{A6EAD3C5-C811-4455-8C0B-82E6C891E5AD}.Debug|Any CPU.ActiveCfg = Debug|Any CPU
		{A6EAD3C5-C811-4455-8C0B-82E6C891E5AD}.Debug|Any CPU.Build.0 = Debug|Any CPU
		{A6EAD3C5-C811-4455-8C0B-82E6C891E5AD}.Release|Any CPU.ActiveCfg = Release|Any CPU
		{A6EAD3C5-C811-4455-8C0B-82E6C891E5AD}.Release|Any CPU.Build.0 = Release|Any CPU
		{B0043A01-F2F2-4C98-AB18-36129BA8F03F}.Debug|Any CPU.ActiveCfg = Debug|Any CPU
		{B0043A01-F2F2-4C98-AB18-36129BA8F03F}.Debug|Any CPU.Build.0 = Debug|Any CPU
		{B0043A01-F2F2-4C98-AB18-36129BA8F03F}.Release|Any CPU.ActiveCfg = Release|Any CPU
		{B0043A01-F2F2-4C98-AB18-36129BA8F03F}.Release|Any CPU.Build.0 = Release|Any CPU
	EndGlobalSection
	GlobalSection(SolutionProperties) = preSolution
		HideSolutionNode = FALSE
	EndGlobalSection
EndGlobal
